
Microsoft Visual Studio Solution File, Format Version 12.00
# 
Project("{FAE04EC0-301F-11D3-BF4B-00C04F79EFBC}") = "EstruturaDeDados.Arrays", "EstruturaDeDados.Arrays\EstruturaDeDados.Arrays.csproj", "{8272B5CA-E1A8-418F-AA91-17F4E8FA5D2C}"
EndProject
Project("{FAE04EC0-301F-11D3-BF4B-00C04F79EFBC}") = "EstruturaDeDados.Listas", "EstruturaDeDados.Listas\EstruturaDeDados.Listas.csproj", "{B7AA2356-8646-4D72-8A2C-61372C01EFF9}"
EndProject
Project("{FAE04EC0-301F-11D3-BF4B-00C04F79EFBC}") = "EstruturaDeDados.Strings", "EstruturaDeDados.Strings\EstruturaDeDados.Strings.csproj", "{512397CF-1B7D-4AEB-BB8D-2A2BAF31F65F}"
EndProject
Project("{FAE04EC0-301F-11D3-BF4B-00C04F79EFBC}") = "EstruturaDeDados.ListasLigadas", "EstruturaDeDados.ListasLigadas\EstruturaDeDados.ListasLigadas.csproj", "{9220F3FF-4A2A-4BB3-A397-19D80A478F03}"
EndProject
Project("{FAE04EC0-301F-11D3-BF4B-00C04F79EFBC}") = "EstruturaDeDados.Filas", "EstruturaDeDados.Filas\EstruturaDeDados.Filas.csproj", "{FE5EB4FF-D51B-4519-9B28-1CFE56245B77}"
EndProject
Project("{FAE04EC0-301F-11D3-BF4B-00C04F79EFBC}") = "EstruturaDeDados.Pilhas", "EstruturaDeDados.Pilhas\EstruturaDeDados.Pilhas.csproj", "{AE3D2BF0-0413-43A4-B487-AD3FAFDA758D}"
EndProject
Project("{FAE04EC0-301F-11D3-BF4B-00C04F79EFBC}") = "EstruturaDeDados.Arvores", "EstruturaDeDados.Arvores\EstruturaDeDados.Arvores.csproj", "{2F6F9C2D-FCE8-4B88-8F1C-4FC714E1940B}"
EndProject
Project("{FAE04EC0-301F-11D3-BF4B-00C04F79EFBC}") = "EstruturaDeDados.Dicionario", "EstruturaDeDados.Dicionario\EstruturaDeDados.Dicionario.csproj", "{6443DEA8-C6E3-44EF-BEB5-5B38350D28F1}"
EndProject
Global
	GlobalSection(SolutionConfigurationPlatforms) = preSolution
		Debug|Any CPU = Debug|Any CPU
		Release|Any CPU = Release|Any CPU
	EndGlobalSection
	GlobalSection(ProjectConfigurationPlatforms) = postSolution
		{8272B5CA-E1A8-418F-AA91-17F4E8FA5D2C}.Debug|Any CPU.ActiveCfg = Debug|Any CPU
		{8272B5CA-E1A8-418F-AA91-17F4E8FA5D2C}.Debug|Any CPU.Build.0 = Debug|Any CPU
		{8272B5CA-E1A8-418F-AA91-17F4E8FA5D2C}.Release|Any CPU.ActiveCfg = Release|Any CPU
		{8272B5CA-E1A8-418F-AA91-17F4E8FA5D2C}.Release|Any CPU.Build.0 = Release|Any CPU
		{B7AA2356-8646-4D72-8A2C-61372C01EFF9}.Debug|Any CPU.ActiveCfg = Debug|Any CPU
		{B7AA2356-8646-4D72-8A2C-61372C01EFF9}.Debug|Any CPU.Build.0 = Debug|Any CPU
		{B7AA2356-8646-4D72-8A2C-61372C01EFF9}.Release|Any CPU.ActiveCfg = Release|Any CPU
		{B7AA2356-8646-4D72-8A2C-61372C01EFF9}.Release|Any CPU.Build.0 = Release|Any CPU
		{512397CF-1B7D-4AEB-BB8D-2A2BAF31F65F}.Debug|Any CPU.ActiveCfg = Debug|Any CPU
		{512397CF-1B7D-4AEB-BB8D-2A2BAF31F65F}.Debug|Any CPU.Build.0 = Debug|Any CPU
		{512397CF-1B7D-4AEB-BB8D-2A2BAF31F65F}.Release|Any CPU.ActiveCfg = Release|Any CPU
		{512397CF-1B7D-4AEB-BB8D-2A2BAF31F65F}.Release|Any CPU.Build.0 = Release|Any CPU
		{9220F3FF-4A2A-4BB3-A397-19D80A478F03}.Debug|Any CPU.ActiveCfg = Debug|Any CPU
		{9220F3FF-4A2A-4BB3-A397-19D80A478F03}.Debug|Any CPU.Build.0 = Debug|Any CPU
		{9220F3FF-4A2A-4BB3-A397-19D80A478F03}.Release|Any CPU.ActiveCfg = Release|Any CPU
		{9220F3FF-4A2A-4BB3-A397-19D80A478F03}.Release|Any CPU.Build.0 = Release|Any CPU
		{FE5EB4FF-D51B-4519-9B28-1CFE56245B77}.Debug|Any CPU.ActiveCfg = Debug|Any CPU
		{FE5EB4FF-D51B-4519-9B28-1CFE56245B77}.Debug|Any CPU.Build.0 = Debug|Any CPU
		{FE5EB4FF-D51B-4519-9B28-1CFE56245B77}.Release|Any CPU.ActiveCfg = Release|Any CPU
		{FE5EB4FF-D51B-4519-9B28-1CFE56245B77}.Release|Any CPU.Build.0 = Release|Any CPU
		{AE3D2BF0-0413-43A4-B487-AD3FAFDA758D}.Debug|Any CPU.ActiveCfg = Debug|Any CPU
		{AE3D2BF0-0413-43A4-B487-AD3FAFDA758D}.Debug|Any CPU.Build.0 = Debug|Any CPU
		{AE3D2BF0-0413-43A4-B487-AD3FAFDA758D}.Release|Any CPU.ActiveCfg = Release|Any CPU
		{AE3D2BF0-0413-43A4-B487-AD3FAFDA758D}.Release|Any CPU.Build.0 = Release|Any CPU
		{2F6F9C2D-FCE8-4B88-8F1C-4FC714E1940B}.Debug|Any CPU.ActiveCfg = Debug|Any CPU
		{2F6F9C2D-FCE8-4B88-8F1C-4FC714E1940B}.Debug|Any CPU.Build.0 = Debug|Any CPU
		{2F6F9C2D-FCE8-4B88-8F1C-4FC714E1940B}.Release|Any CPU.ActiveCfg = Release|Any CPU
		{2F6F9C2D-FCE8-4B88-8F1C-4FC714E1940B}.Release|Any CPU.Build.0 = Release|Any CPU
		{6443DEA8-C6E3-44EF-BEB5-5B38350D28F1}.Debug|Any CPU.ActiveCfg = Debug|Any CPU
		{6443DEA8-C6E3-44EF-BEB5-5B38350D28F1}.Debug|Any CPU.Build.0 = Debug|Any CPU
		{6443DEA8-C6E3-44EF-BEB5-5B38350D28F1}.Release|Any CPU.ActiveCfg = Release|Any CPU
		{6443DEA8-C6E3-44EF-BEB5-5B38350D28F1}.Release|Any CPU.Build.0 = Release|Any CPU
	EndGlobalSection
EndGlobal
